// !$*UTF8*$!
{
	archiveVersion = 1;
	classes = {
	};
	objectVersion = 46;
	objects = {

/* Begin PBXBuildFile section */
		AFED890D1D2E38EB005C9506 /* AppDelegate.swift in Sources */ = {isa = PBXBuildFile; fileRef = AFED890C1D2E38EB005C9506 /* AppDelegate.swift */; };
		AFED890F1D2E38EB005C9506 /* ViewController.swift in Sources */ = {isa = PBXBuildFile; fileRef = AFED890E1D2E38EB005C9506 /* ViewController.swift */; };
		AFED89121D2E38EB005C9506 /* Main.storyboard in Resources */ = {isa = PBXBuildFile; fileRef = AFED89101D2E38EB005C9506 /* Main.storyboard */; };
		AFED89141D2E38EB005C9506 /* Assets.xcassets in Resources */ = {isa = PBXBuildFile; fileRef = AFED89131D2E38EB005C9506 /* Assets.xcassets */; };
		AFED89171D2E38EB005C9506 /* LaunchScreen.storyboard in Resources */ = {isa = PBXBuildFile; fileRef = AFED89151D2E38EB005C9506 /* LaunchScreen.storyboard */; };
		AFED89221D2E38EB005C9506 /* LNAnimationTests.swift in Sources */ = {isa = PBXBuildFile; fileRef = AFED89211D2E38EB005C9506 /* LNAnimationTests.swift */; };
		AFED892D1D2E38EC005C9506 /* LNAnimationUITests.swift in Sources */ = {isa = PBXBuildFile; fileRef = AFED892C1D2E38EC005C9506 /* LNAnimationUITests.swift */; };
		AFED89451D2E3ABF005C9506 /* LNAnimatedPageControl.swift in Sources */ = {isa = PBXBuildFile; fileRef = AFED893D1D2E3ABF005C9506 /* LNAnimatedPageControl.swift */; };
		AFED89461D2E3ABF005C9506 /* LNGooeyCircle.swift in Sources */ = {isa = PBXBuildFile; fileRef = AFED893E1D2E3ABF005C9506 /* LNGooeyCircle.swift */; };
		AFED89471D2E3ABF005C9506 /* LNIndicator.swift in Sources */ = {isa = PBXBuildFile; fileRef = AFED893F1D2E3ABF005C9506 /* LNIndicator.swift */; };
		AFED89481D2E3ABF005C9506 /* LNPageLine.swift in Sources */ = {isa = PBXBuildFile; fileRef = AFED89401D2E3ABF005C9506 /* LNPageLine.swift */; };
		AFED89491D2E3ABF005C9506 /* LNRotateRect.swift in Sources */ = {isa = PBXBuildFile; fileRef = AFED89411D2E3ABF005C9506 /* LNRotateRect.swift */; };
		AFED894A1D2E3ABF005C9506 /* LNSpringLayerAnimation.swift in Sources */ = {isa = PBXBuildFile; fileRef = AFED89421D2E3ABF005C9506 /* LNSpringLayerAnimation.swift */; };
		AFED894B1D2E3ABF005C9506 /* PageControlCell.swift in Sources */ = {isa = PBXBuildFile; fileRef = AFED89431D2E3ABF005C9506 /* PageControlCell.swift */; };
		AFED894C1D2E3ABF005C9506 /* PageControlVC.swift in Sources */ = {isa = PBXBuildFile; fileRef = AFED89441D2E3ABF005C9506 /* PageControlVC.swift */; };
/* End PBXBuildFile section */

/* Begin PBXContainerItemProxy section */
		AFED891E1D2E38EB005C9506 /* PBXContainerItemProxy */ = {
			isa = PBXContainerItemProxy;
			containerPortal = AFED89011D2E38EB005C9506 /* Project object */;
			proxyType = 1;
			remoteGlobalIDString = AFED89081D2E38EB005C9506;
			remoteInfo = LNAnimation;
		};
		AFED89291D2E38EC005C9506 /* PBXContainerItemProxy */ = {
			isa = PBXContainerItemProxy;
			containerPortal = AFED89011D2E38EB005C9506 /* Project object */;
			proxyType = 1;
			remoteGlobalIDString = AFED89081D2E38EB005C9506;
			remoteInfo = LNAnimation;
		};
/* End PBXContainerItemProxy section */

/* Begin PBXFileReference section */
		AFED89091D2E38EB005C9506 /* LNAnimation.app */ = {isa = PBXFileReference; explicitFileType = wrapper.application; includeInIndex = 0; path = LNAnimation.app; sourceTree = BUILT_PRODUCTS_DIR; };
		AFED890C1D2E38EB005C9506 /* AppDelegate.swift */ = {isa = PBXFileReference; lastKnownFileType = sourcecode.swift; path = AppDelegate.swift; sourceTree = "<group>"; };
		AFED890E1D2E38EB005C9506 /* ViewController.swift */ = {isa = PBXFileReference; lastKnownFileType = sourcecode.swift; path = ViewController.swift; sourceTree = "<group>"; };
		AFED89111D2E38EB005C9506 /* Base */ = {isa = PBXFileReference; lastKnownFileType = file.storyboard; name = Base; path = Base.lproj/Main.storyboard; sourceTree = "<group>"; };
		AFED89131D2E38EB005C9506 /* Assets.xcassets */ = {isa = PBXFileReference; lastKnownFileType = folder.assetcatalog; path = Assets.xcassets; sourceTree = "<group>"; };
		AFED89161D2E38EB005C9506 /* Base */ = {isa = PBXFileReference; lastKnownFileType = file.storyboard; name = Base; path = Base.lproj/LaunchScreen.storyboard; sourceTree = "<group>"; };
		AFED89181D2E38EB005C9506 /* Info.plist */ = {isa = PBXFileReference; lastKnownFileType = text.plist.xml; path = Info.plist; sourceTree = "<group>"; };
		AFED891D1D2E38EB005C9506 /* LNAnimationTests.xctest */ = {isa = PBXFileReference; explicitFileType = wrapper.cfbundle; includeInIndex = 0; path = LNAnimationTests.xctest; sourceTree = BUILT_PRODUCTS_DIR; };
		AFED89211D2E38EB005C9506 /* LNAnimationTests.swift */ = {isa = PBXFileReference; lastKnownFileType = sourcecode.swift; path = LNAnimationTests.swift; sourceTree = "<group>"; };
		AFED89231D2E38EB005C9506 /* Info.plist */ = {isa = PBXFileReference; lastKnownFileType = text.plist.xml; path = Info.plist; sourceTree = "<group>"; };
		AFED89281D2E38EC005C9506 /* LNAnimationUITests.xctest */ = {isa = PBXFileReference; explicitFileType = wrapper.cfbundle; includeInIndex = 0; path = LNAnimationUITests.xctest; sourceTree = BUILT_PRODUCTS_DIR; };
		AFED892C1D2E38EC005C9506 /* LNAnimationUITests.swift */ = {isa = PBXFileReference; lastKnownFileType = sourcecode.swift; path = LNAnimationUITests.swift; sourceTree = "<group>"; };
		AFED892E1D2E38EC005C9506 /* Info.plist */ = {isa = PBXFileReference; lastKnownFileType = text.plist.xml; path = Info.plist; sourceTree = "<group>"; };
		AFED893D1D2E3ABF005C9506 /* LNAnimatedPageControl.swift */ = {isa = PBXFileReference; fileEncoding = 4; lastKnownFileType = sourcecode.swift; path = LNAnimatedPageControl.swift; sourceTree = "<group>"; };
		AFED893E1D2E3ABF005C9506 /* LNGooeyCircle.swift */ = {isa = PBXFileReference; fileEncoding = 4; lastKnownFileType = sourcecode.swift; path = LNGooeyCircle.swift; sourceTree = "<group>"; };
		AFED893F1D2E3ABF005C9506 /* LNIndicator.swift */ = {isa = PBXFileReference; fileEncoding = 4; lastKnownFileType = sourcecode.swift; path = LNIndicator.swift; sourceTree = "<group>"; };
		AFED89401D2E3ABF005C9506 /* LNPageLine.swift */ = {isa = PBXFileReference; fileEncoding = 4; lastKnownFileType = sourcecode.swift; path = LNPageLine.swift; sourceTree = "<group>"; };
		AFED89411D2E3ABF005C9506 /* LNRotateRect.swift */ = {isa = PBXFileReference; fileEncoding = 4; lastKnownFileType = sourcecode.swift; path = LNRotateRect.swift; sourceTree = "<group>"; };
		AFED89421D2E3ABF005C9506 /* LNSpringLayerAnimation.swift */ = {isa = PBXFileReference; fileEncoding = 4; lastKnownFileType = sourcecode.swift; path = LNSpringLayerAnimation.swift; sourceTree = "<group>"; };
		AFED89431D2E3ABF005C9506 /* PageControlCell.swift */ = {isa = PBXFileReference; fileEncoding = 4; lastKnownFileType = sourcecode.swift; path = PageControlCell.swift; sourceTree = "<group>"; };
		AFED89441D2E3ABF005C9506 /* PageControlVC.swift */ = {isa = PBXFileReference; fileEncoding = 4; lastKnownFileType = sourcecode.swift; path = PageControlVC.swift; sourceTree = "<group>"; };
/* End PBXFileReference section */

/* Begin PBXFrameworksBuildPhase section */
		AFED89061D2E38EB005C9506 /* Frameworks */ = {
			isa = PBXFrameworksBuildPhase;
			buildActionMask = 2147483647;
			files = (
			);
			runOnlyForDeploymentPostprocessing = 0;
		};
		AFED891A1D2E38EB005C9506 /* Frameworks */ = {
			isa = PBXFrameworksBuildPhase;
			buildActionMask = 2147483647;
			files = (
			);
			runOnlyForDeploymentPostprocessing = 0;
		};
		AFED89251D2E38EB005C9506 /* Frameworks */ = {
			isa = PBXFrameworksBuildPhase;
			buildActionMask = 2147483647;
			files = (
			);
			runOnlyForDeploymentPostprocessing = 0;
		};
/* End PBXFrameworksBuildPhase section */

/* Begin PBXGroup section */
		AFED89001D2E38EB005C9506 = {
			isa = PBXGroup;
			children = (
				AFED890B1D2E38EB005C9506 /* LNAnimation */,
				AFED89201D2E38EB005C9506 /* LNAnimationTests */,
				AFED892B1D2E38EC005C9506 /* LNAnimationUITests */,
				AFED890A1D2E38EB005C9506 /* Products */,
			);
			sourceTree = "<group>";
		};
		AFED890A1D2E38EB005C9506 /* Products */ = {
			isa = PBXGroup;
			children = (
				AFED89091D2E38EB005C9506 /* LNAnimation.app */,
				AFED891D1D2E38EB005C9506 /* LNAnimationTests.xctest */,
				AFED89281D2E38EC005C9506 /* LNAnimationUITests.xctest */,
			);
			name = Products;
			sourceTree = "<group>";
		};
		AFED890B1D2E38EB005C9506 /* LNAnimation */ = {
			isa = PBXGroup;
			children = (
				AFED893A1D2E3ABF005C9506 /* AnimationVC */,
				AFED890C1D2E38EB005C9506 /* AppDelegate.swift */,
				AFED890E1D2E38EB005C9506 /* ViewController.swift */,
				AFED89101D2E38EB005C9506 /* Main.storyboard */,
				AFED89131D2E38EB005C9506 /* Assets.xcassets */,
				AFED89151D2E38EB005C9506 /* LaunchScreen.storyboard */,
				AFED89181D2E38EB005C9506 /* Info.plist */,
			);
			path = LNAnimation;
			sourceTree = "<group>";
		};
		AFED89201D2E38EB005C9506 /* LNAnimationTests */ = {
			isa = PBXGroup;
			children = (
				AFED89211D2E38EB005C9506 /* LNAnimationTests.swift */,
				AFED89231D2E38EB005C9506 /* Info.plist */,
			);
			path = LNAnimationTests;
			sourceTree = "<group>";
		};
		AFED892B1D2E38EC005C9506 /* LNAnimationUITests */ = {
			isa = PBXGroup;
			children = (
				AFED892C1D2E38EC005C9506 /* LNAnimationUITests.swift */,
				AFED892E1D2E38EC005C9506 /* Info.plist */,
			);
			path = LNAnimationUITests;
			sourceTree = "<group>";
		};
		AFED893A1D2E3ABF005C9506 /* AnimationVC */ = {
			isa = PBXGroup;
			children = (
				AFED893B1D2E3ABF005C9506 /* AnimatedPageControl */,
			);
			path = AnimationVC;
			sourceTree = "<group>";
		};
		AFED893B1D2E3ABF005C9506 /* AnimatedPageControl */ = {
			isa = PBXGroup;
			children = (
				AFED893C1D2E3ABF005C9506 /* LNAnimatedPageControl */,
				AFED89431D2E3ABF005C9506 /* PageControlCell.swift */,
				AFED89441D2E3ABF005C9506 /* PageControlVC.swift */,
			);
			path = AnimatedPageControl;
			sourceTree = "<group>";
		};
		AFED893C1D2E3ABF005C9506 /* LNAnimatedPageControl */ = {
			isa = PBXGroup;
			children = (
				AFED893D1D2E3ABF005C9506 /* LNAnimatedPageControl.swift */,
				AFED893E1D2E3ABF005C9506 /* LNGooeyCircle.swift */,
				AFED893F1D2E3ABF005C9506 /* LNIndicator.swift */,
				AFED89401D2E3ABF005C9506 /* LNPageLine.swift */,
				AFED89411D2E3ABF005C9506 /* LNRotateRect.swift */,
				AFED89421D2E3ABF005C9506 /* LNSpringLayerAnimation.swift */,
			);
			path = LNAnimatedPageControl;
			sourceTree = "<group>";
		};
/* End PBXGroup section */

/* Begin PBXNativeTarget section */
		AFED89081D2E38EB005C9506 /* LNAnimation */ = {
			isa = PBXNativeTarget;
			buildConfigurationList = AFED89311D2E38EC005C9506 /* Build configuration list for PBXNativeTarget "LNAnimation" */;
			buildPhases = (
				AFED89051D2E38EB005C9506 /* Sources */,
				AFED89061D2E38EB005C9506 /* Frameworks */,
				AFED89071D2E38EB005C9506 /* Resources */,
			);
			buildRules = (
			);
			dependencies = (
			);
			name = LNAnimation;
			productName = LNAnimation;
			productReference = AFED89091D2E38EB005C9506 /* LNAnimation.app */;
			productType = "com.apple.product-type.application";
		};
		AFED891C1D2E38EB005C9506 /* LNAnimationTests */ = {
			isa = PBXNativeTarget;
			buildConfigurationList = AFED89341D2E38EC005C9506 /* Build configuration list for PBXNativeTarget "LNAnimationTests" */;
			buildPhases = (
				AFED89191D2E38EB005C9506 /* Sources */,
				AFED891A1D2E38EB005C9506 /* Frameworks */,
				AFED891B1D2E38EB005C9506 /* Resources */,
			);
			buildRules = (
			);
			dependencies = (
				AFED891F1D2E38EB005C9506 /* PBXTargetDependency */,
			);
			name = LNAnimationTests;
			productName = LNAnimationTests;
			productReference = AFED891D1D2E38EB005C9506 /* LNAnimationTests.xctest */;
			productType = "com.apple.product-type.bundle.unit-test";
		};
		AFED89271D2E38EB005C9506 /* LNAnimationUITests */ = {
			isa = PBXNativeTarget;
			buildConfigurationList = AFED89371D2E38EC005C9506 /* Build configuration list for PBXNativeTarget "LNAnimationUITests" */;
			buildPhases = (
				AFED89241D2E38EB005C9506 /* Sources */,
				AFED89251D2E38EB005C9506 /* Frameworks */,
				AFED89261D2E38EB005C9506 /* Resources */,
			);
			buildRules = (
			);
			dependencies = (
				AFED892A1D2E38EC005C9506 /* PBXTargetDependency */,
			);
			name = LNAnimationUITests;
			productName = LNAnimationUITests;
			productReference = AFED89281D2E38EC005C9506 /* LNAnimationUITests.xctest */;
			productType = "com.apple.product-type.bundle.ui-testing";
		};
/* End PBXNativeTarget section */

/* Begin PBXProject section */
		AFED89011D2E38EB005C9506 /* Project object */ = {
			isa = PBXProject;
			attributes = {
				LastSwiftUpdateCheck = 0800;
				LastUpgradeCheck = 0800;
				ORGANIZATIONNAME = vvusu;
				TargetAttributes = {
					AFED89081D2E38EB005C9506 = {
						CreatedOnToolsVersion = 8.0;
						DevelopmentTeam = 49FUNDNGC6;
						DevelopmentTeamName = "Shanghai Aniu Information Technology Co., Ltd.";
						ProvisioningStyle = Automatic;
					};
					AFED891C1D2E38EB005C9506 = {
						CreatedOnToolsVersion = 8.0;
						DevelopmentTeam = 49FUNDNGC6;
						DevelopmentTeamName = "Shanghai Aniu Information Technology Co., Ltd.";
						ProvisioningStyle = Automatic;
						TestTargetID = AFED89081D2E38EB005C9506;
					};
					AFED89271D2E38EB005C9506 = {
						CreatedOnToolsVersion = 8.0;
						DevelopmentTeam = 49FUNDNGC6;
						DevelopmentTeamName = "Shanghai Aniu Information Technology Co., Ltd.";
						ProvisioningStyle = Automatic;
						TestTargetID = AFED89081D2E38EB005C9506;
					};
				};
			};
			buildConfigurationList = AFED89041D2E38EB005C9506 /* Build configuration list for PBXProject "LNAnimation" */;
			compatibilityVersion = "Xcode 3.2";
			developmentRegion = English;
			hasScannedForEncodings = 0;
			knownRegions = (
				en,
				Base,
			);
			mainGroup = AFED89001D2E38EB005C9506;
			productRefGroup = AFED890A1D2E38EB005C9506 /* Products */;
			projectDirPath = "";
			projectRoot = "";
			targets = (
				AFED89081D2E38EB005C9506 /* LNAnimation */,
				AFED891C1D2E38EB005C9506 /* LNAnimationTests */,
				AFED89271D2E38EB005C9506 /* LNAnimationUITests */,
			);
		};
/* End PBXProject section */

/* Begin PBXResourcesBuildPhase section */
		AFED89071D2E38EB005C9506 /* Resources */ = {
			isa = PBXResourcesBuildPhase;
			buildActionMask = 2147483647;
			files = (
				AFED89171D2E38EB005C9506 /* LaunchScreen.storyboard in Resources */,
				AFED89141D2E38EB005C9506 /* Assets.xcassets in Resources */,
				AFED89121D2E38EB005C9506 /* Main.storyboard in Resources */,
			);
			runOnlyForDeploymentPostprocessing = 0;
		};
		AFED891B1D2E38EB005C9506 /* Resources */ = {
			isa = PBXResourcesBuildPhase;
			buildActionMask = 2147483647;
			files = (
			);
			runOnlyForDeploymentPostprocessing = 0;
		};
		AFED89261D2E38EB005C9506 /* Resources */ = {
			isa = PBXResourcesBuildPhase;
			buildActionMask = 2147483647;
			files = (
			);
			runOnlyForDeploymentPostprocessing = 0;
		};
/* End PBXResourcesBuildPhase section */

/* Begin PBXSourcesBuildPhase section */
		AFED89051D2E38EB005C9506 /* Sources */ = {
			isa = PBXSourcesBuildPhase;
			buildActionMask = 2147483647;
			files = (
				AFED89491D2E3ABF005C9506 /* LNRotateRect.swift in Sources */,
				AFED894A1D2E3ABF005C9506 /* LNSpringLayerAnimation.swift in Sources */,
				AFED89481D2E3ABF005C9506 /* LNPageLine.swift in Sources */,
				AFED89451D2E3ABF005C9506 /* LNAnimatedPageControl.swift in Sources */,
				AFED89461D2E3ABF005C9506 /* LNGooeyCircle.swift in Sources */,
				AFED894B1D2E3ABF005C9506 /* PageControlCell.swift in Sources */,
				AFED890F1D2E38EB005C9506 /* ViewController.swift in Sources */,
				AFED89471D2E3ABF005C9506 /* LNIndicator.swift in Sources */,
				AFED890D1D2E38EB005C9506 /* AppDelegate.swift in Sources */,
				AFED894C1D2E3ABF005C9506 /* PageControlVC.swift in Sources */,
			);
			runOnlyForDeploymentPostprocessing = 0;
		};
		AFED89191D2E38EB005C9506 /* Sources */ = {
			isa = PBXSourcesBuildPhase;
			buildActionMask = 2147483647;
			files = (
				AFED89221D2E38EB005C9506 /* LNAnimationTests.swift in Sources */,
			);
			runOnlyForDeploymentPostprocessing = 0;
		};
		AFED89241D2E38EB005C9506 /* Sources */ = {
			isa = PBXSourcesBuildPhase;
			buildActionMask = 2147483647;
			files = (
				AFED892D1D2E38EC005C9506 /* LNAnimationUITests.swift in Sources */,
			);
			runOnlyForDeploymentPostprocessing = 0;
		};
/* End PBXSourcesBuildPhase section */

/* Begin PBXTargetDependency section */
		AFED891F1D2E38EB005C9506 /* PBXTargetDependency */ = {
			isa = PBXTargetDependency;
			target = AFED89081D2E38EB005C9506 /* LNAnimation */;
			targetProxy = AFED891E1D2E38EB005C9506 /* PBXContainerItemProxy */;
		};
		AFED892A1D2E38EC005C9506 /* PBXTargetDependency */ = {
			isa = PBXTargetDependency;
			target = AFED89081D2E38EB005C9506 /* LNAnimation */;
			targetProxy = AFED89291D2E38EC005C9506 /* PBXContainerItemProxy */;
		};
/* End PBXTargetDependency section */

/* Begin PBXVariantGroup section */
		AFED89101D2E38EB005C9506 /* Main.storyboard */ = {
			isa = PBXVariantGroup;
			children = (
				AFED89111D2E38EB005C9506 /* Base */,
			);
			name = Main.storyboard;
			sourceTree = "<group>";
		};
		AFED89151D2E38EB005C9506 /* LaunchScreen.storyboard */ = {
			isa = PBXVariantGroup;
			children = (
				AFED89161D2E38EB005C9506 /* Base */,
			);
			name = LaunchScreen.storyboard;
			sourceTree = "<group>";
		};
/* End PBXVariantGroup section */

/* Begin XCBuildConfiguration section */
		AFED892F1D2E38EC005C9506 /* Debug */ = {
			isa = XCBuildConfiguration;
			buildSettings = {
				ALWAYS_SEARCH_USER_PATHS = NO;
				CLANG_ANALYZER_NONNULL = YES;
				CLANG_CXX_LANGUAGE_STANDARD = "gnu++0x";
				CLANG_CXX_LIBRARY = "libc++";
				CLANG_ENABLE_MODULES = YES;
				CLANG_ENABLE_OBJC_ARC = YES;
				CLANG_WARN_BOOL_CONVERSION = YES;
				CLANG_WARN_CONSTANT_CONVERSION = YES;
				CLANG_WARN_DIRECT_OBJC_ISA_USAGE = YES_ERROR;
				CLANG_WARN_DOCUMENTATION_COMMENTS = YES;
				CLANG_WARN_EMPTY_BODY = YES;
				CLANG_WARN_ENUM_CONVERSION = YES;
				CLANG_WARN_INT_CONVERSION = YES;
				CLANG_WARN_OBJC_ROOT_CLASS = YES_ERROR;
				CLANG_WARN_UNREACHABLE_CODE = YES;
				CLANG_WARN__DUPLICATE_METHOD_MATCH = YES;
				"CODE_SIGN_IDENTITY[sdk=iphoneos*]" = "iPhone Developer";
				COPY_PHASE_STRIP = NO;
				DEBUG_INFORMATION_FORMAT = dwarf;
				ENABLE_STRICT_OBJC_MSGSEND = YES;
				ENABLE_TESTABILITY = YES;
				GCC_C_LANGUAGE_STANDARD = gnu99;
				GCC_DYNAMIC_NO_PIC = NO;
				GCC_NO_COMMON_BLOCKS = YES;
				GCC_OPTIMIZATION_LEVEL = 0;
				GCC_PREPROCESSOR_DEFINITIONS = (
					"DEBUG=1",
					"$(inherited)",
				);
				GCC_WARN_64_TO_32_BIT_CONVERSION = YES;
				GCC_WARN_ABOUT_RETURN_TYPE = YES_ERROR;
				GCC_WARN_UNDECLARED_SELECTOR = YES;
				GCC_WARN_UNINITIALIZED_AUTOS = YES_AGGRESSIVE;
				GCC_WARN_UNUSED_FUNCTION = YES;
				GCC_WARN_UNUSED_VARIABLE = YES;
				IPHONEOS_DEPLOYMENT_TARGET = 10.0;
				MTL_ENABLE_DEBUG_INFO = YES;
				ONLY_ACTIVE_ARCH = YES;
				SDKROOT = iphoneos;
				SWIFT_ACTIVE_COMPILATION_CONDITIONS = DEBUG;
				SWIFT_OPTIMIZATION_LEVEL = "-Onone";
				TARGETED_DEVICE_FAMILY = "1,2";
			};
			name = Debug;
		};
		AFED89301D2E38EC005C9506 /* Release */ = {
			isa = XCBuildConfiguration;
			buildSettings = {
				ALWAYS_SEARCH_USER_PATHS = NO;
				CLANG_ANALYZER_NONNULL = YES;
				CLANG_CXX_LANGUAGE_STANDARD = "gnu++0x";
				CLANG_CXX_LIBRARY = "libc++";
				CLANG_ENABLE_MODULES = YES;
				CLANG_ENABLE_OBJC_ARC = YES;
				CLANG_WARN_BOOL_CONVERSION = YES;
				CLANG_WARN_CONSTANT_CONVERSION = YES;
				CLANG_WARN_DIRECT_OBJC_ISA_USAGE = YES_ERROR;
				CLANG_WARN_DOCUMENTATION_COMMENTS = YES;
				CLANG_WARN_EMPTY_BODY = YES;
				CLANG_WARN_ENUM_CONVERSION = YES;
				CLANG_WARN_INT_CONVERSION = YES;
				CLANG_WARN_OBJC_ROOT_CLASS = YES_ERROR;
				CLANG_WARN_UNREACHABLE_CODE = YES;
				CLANG_WARN__DUPLICATE_METHOD_MATCH = YES;
				"CODE_SIGN_IDENTITY[sdk=iphoneos*]" = "iPhone Developer";
				COPY_PHASE_STRIP = NO;
				DEBUG_INFORMATION_FORMAT = "dwarf-with-dsym";
				ENABLE_NS_ASSERTIONS = NO;
				ENABLE_STRICT_OBJC_MSGSEND = YES;
				GCC_C_LANGUAGE_STANDARD = gnu99;
				GCC_NO_COMMON_BLOCKS = YES;
				GCC_WARN_64_TO_32_BIT_CONVERSION = YES;
				GCC_WARN_ABOUT_RETURN_TYPE = YES_ERROR;
				GCC_WARN_UNDECLARED_SELECTOR = YES;
				GCC_WARN_UNINITIALIZED_AUTOS = YES_AGGRESSIVE;
				GCC_WARN_UNUSED_FUNCTION = YES;
				GCC_WARN_UNUSED_VARIABLE = YES;
				IPHONEOS_DEPLOYMENT_TARGET = 10.0;
				MTL_ENABLE_DEBUG_INFO = NO;
				SDKROOT = iphoneos;
				SWIFT_OPTIMIZATION_LEVEL = "-Owholemodule";
				TARGETED_DEVICE_FAMILY = "1,2";
				VALIDATE_PRODUCT = YES;
			};
			name = Release;
		};
		AFED89321D2E38EC005C9506 /* Debug */ = {
			isa = XCBuildConfiguration;
			buildSettings = {
				ASSETCATALOG_COMPILER_APPICON_NAME = AppIcon;
				INFOPLIST_FILE = LNAnimation/Info.plist;
				LD_RUNPATH_SEARCH_PATHS = "$(inherited) @executable_path/Frameworks";
				PRODUCT_BUNDLE_IDENTIFIER = vvusu.LNAnimation;
				PRODUCT_NAME = "$(TARGET_NAME)";
				SWIFT_VERSION = 3.0;
			};
			name = Debug;
		};
		AFED89331D2E38EC005C9506 /* Release */ = {
			isa = XCBuildConfiguration;
			buildSettings = {
				ASSETCATALOG_COMPILER_APPICON_NAME = AppIcon;
				INFOPLIST_FILE = LNAnimation/Info.plist;
				LD_RUNPATH_SEARCH_PATHS = "$(inherited) @executable_path/Frameworks";
				PRODUCT_BUNDLE_IDENTIFIER = vvusu.LNAnimation;
				PRODUCT_NAME = "$(TARGET_NAME)";
				SWIFT_VERSION = 3.0;
			};
			name = Release;
		};
		AFED89351D2E38EC005C9506 /* Debug */ = {
			isa = XCBuildConfiguration;
			buildSettings = {
				BUNDLE_LOADER = "$(TEST_HOST)";
				INFOPLIST_FILE = LNAnimationTests/Info.plist;
				LD_RUNPATH_SEARCH_PATHS = "$(inherited) @executable_path/Frameworks @loader_path/Frameworks";
				PRODUCT_BUNDLE_IDENTIFIER = vvusu.LNAnimationTests;
				PRODUCT_NAME = "$(TARGET_NAME)";
				SWIFT_VERSION = 3.0;
				TEST_HOST = "$(BUILT_PRODUCTS_DIR)/LNAnimation.app/LNAnimation";
			};
			name = Debug;
		};
		AFED89361D2E38EC005C9506 /* Release */ = {
			isa = XCBuildConfiguration;
			buildSettings = {
				BUNDLE_LOADER = "$(TEST_HOST)";
				INFOPLIST_FILE = LNAnimationTests/Info.plist;
				LD_RUNPATH_SEARCH_PATHS = "$(inherited) @executable_path/Frameworks @loader_path/Frameworks";
				PRODUCT_BUNDLE_IDENTIFIER = vvusu.LNAnimationTests;
				PRODUCT_NAME = "$(TARGET_NAME)";
				SWIFT_VERSION = 3.0;
				TEST_HOST = "$(BUILT_PRODUCTS_DIR)/LNAnimation.app/LNAnimation";
			};
			name = Release;
		};
		AFED89381D2E38EC005C9506 /* Debug */ = {
			isa = XCBuildConfiguration;
			buildSettings = {
				INFOPLIST_FILE = LNAnimationUITests/Info.plist;
				LD_RUNPATH_SEARCH_PATHS = "$(inherited) @executable_path/Frameworks @loader_path/Frameworks";
				PRODUCT_BUNDLE_IDENTIFIER = vvusu.LNAnimationUITests;
				PRODUCT_NAME = "$(TARGET_NAME)";
				SWIFT_VERSION = 3.0;
				TEST_TARGET_NAME = LNAnimation;
			};
			name = Debug;
		};
		AFED89391D2E38EC005C9506 /* Release */ = {
			isa = XCBuildConfiguration;
			buildSettings = {
				INFOPLIST_FILE = LNAnimationUITests/Info.plist;
				LD_RUNPATH_SEARCH_PATHS = "$(inherited) @executable_path/Frameworks @loader_path/Frameworks";
				PRODUCT_BUNDLE_IDENTIFIER = vvusu.LNAnimationUITests;
				PRODUCT_NAME = "$(TARGET_NAME)";
				SWIFT_VERSION = 3.0;
				TEST_TARGET_NAME = LNAnimation;
			};
			name = Release;
		};
/* End XCBuildConfiguration section */

/* Begin XCConfigurationList section */
		AFED89041D2E38EB005C9506 /* Build configuration list for PBXProject "LNAnimation" */ = {
			isa = XCConfigurationList;
			buildConfigurations = (
				AFED892F1D2E38EC005C9506 /* Debug */,
				AFED89301D2E38EC005C9506 /* Release */,
			);
			defaultConfigurationIsVisible = 0;
			defaultConfigurationName = Release;
		};
		AFED89311D2E38EC005C9506 /* Build configuration list for PBXNativeTarget "LNAnimation" */ = {
			isa = XCConfigurationList;
			buildConfigurations = (
				AFED89321D2E38EC005C9506 /* Debug */,
				AFED89331D2E38EC005C9506 /* Release */,
			);
			defaultConfigurationIsVisible = 0;
		};
		AFED89341D2E38EC005C9506 /* Build configuration list for PBXNativeTarget "LNAnimationTests" */ = {
			isa = XCConfigurationList;
			buildConfigurations = (
				AFED89351D2E38EC005C9506 /* Debug */,
				AFED89361D2E38EC005C9506 /* Release */,
			);
			defaultConfigurationIsVisible = 0;
		};
		AFED89371D2E38EC005C9506 /* Build configuration list for PBXNativeTarget "LNAnimationUITests" */ = {
			isa = XCConfigurationList;
			buildConfigurations = (
				AFED89381D2E38EC005C9506 /* Debug */,
				AFED89391D2E38EC005C9506 /* Release */,
			);
			defaultConfigurationIsVisible = 0;
		};
/* End XCConfigurationList section */
	};
	rootObject = AFED89011D2E38EB005C9506 /* Project object */;
}
