// !$*UTF8*$!
{
	archiveVersion = 1;
	classes = {
	};
	objectVersion = 46;
	objects = {

/* Begin PBXBuildFile section */
		AFE3E6011D2D130C00DE6638 /* AppDelegate.swift in Sources */ = {isa = PBXBuildFile; fileRef = AFE3E6001D2D130C00DE6638 /* AppDelegate.swift */; };
		AFE3E6031D2D130C00DE6638 /* ViewController.swift in Sources */ = {isa = PBXBuildFile; fileRef = AFE3E6021D2D130C00DE6638 /* ViewController.swift */; };
		AFE3E6061D2D130C00DE6638 /* Main.storyboard in Resources */ = {isa = PBXBuildFile; fileRef = AFE3E6041D2D130C00DE6638 /* Main.storyboard */; };
		AFE3E6081D2D130C00DE6638 /* Assets.xcassets in Resources */ = {isa = PBXBuildFile; fileRef = AFE3E6071D2D130C00DE6638 /* Assets.xcassets */; };
		AFE3E60B1D2D130C00DE6638 /* LaunchScreen.storyboard in Resources */ = {isa = PBXBuildFile; fileRef = AFE3E6091D2D130C00DE6638 /* LaunchScreen.storyboard */; };
		AFE3E6161D2D130C00DE6638 /* LNAnimationTests.swift in Sources */ = {isa = PBXBuildFile; fileRef = AFE3E6151D2D130C00DE6638 /* LNAnimationTests.swift */; };
		AFE3E6211D2D130C00DE6638 /* LNAnimationUITests.swift in Sources */ = {isa = PBXBuildFile; fileRef = AFE3E6201D2D130C00DE6638 /* LNAnimationUITests.swift */; };
		AFE3E62F1D2D159D00DE6638 /* TableViewController.swift in Sources */ = {isa = PBXBuildFile; fileRef = AFE3E62E1D2D159D00DE6638 /* TableViewController.swift */; };
/* End PBXBuildFile section */

/* Begin PBXContainerItemProxy section */
		AFE3E6121D2D130C00DE6638 /* PBXContainerItemProxy */ = {
			isa = PBXContainerItemProxy;
			containerPortal = AFE3E5F51D2D130C00DE6638 /* Project object */;
			proxyType = 1;
			remoteGlobalIDString = AFE3E5FC1D2D130C00DE6638;
			remoteInfo = LNAnimation;
		};
		AFE3E61D1D2D130C00DE6638 /* PBXContainerItemProxy */ = {
			isa = PBXContainerItemProxy;
			containerPortal = AFE3E5F51D2D130C00DE6638 /* Project object */;
			proxyType = 1;
			remoteGlobalIDString = AFE3E5FC1D2D130C00DE6638;
			remoteInfo = LNAnimation;
		};
/* End PBXContainerItemProxy section */

/* Begin PBXFileReference section */
		AFE3E5FD1D2D130C00DE6638 /* LNAnimation.app */ = {isa = PBXFileReference; explicitFileType = wrapper.application; includeInIndex = 0; path = LNAnimation.app; sourceTree = BUILT_PRODUCTS_DIR; };
		AFE3E6001D2D130C00DE6638 /* AppDelegate.swift */ = {isa = PBXFileReference; lastKnownFileType = sourcecode.swift; path = AppDelegate.swift; sourceTree = "<group>"; };
		AFE3E6021D2D130C00DE6638 /* ViewController.swift */ = {isa = PBXFileReference; lastKnownFileType = sourcecode.swift; path = ViewController.swift; sourceTree = "<group>"; };
		AFE3E6051D2D130C00DE6638 /* Base */ = {isa = PBXFileReference; lastKnownFileType = file.storyboard; name = Base; path = Base.lproj/Main.storyboard; sourceTree = "<group>"; };
		AFE3E6071D2D130C00DE6638 /* Assets.xcassets */ = {isa = PBXFileReference; lastKnownFileType = folder.assetcatalog; path = Assets.xcassets; sourceTree = "<group>"; };
		AFE3E60A1D2D130C00DE6638 /* Base */ = {isa = PBXFileReference; lastKnownFileType = file.storyboard; name = Base; path = Base.lproj/LaunchScreen.storyboard; sourceTree = "<group>"; };
		AFE3E60C1D2D130C00DE6638 /* Info.plist */ = {isa = PBXFileReference; lastKnownFileType = text.plist.xml; path = Info.plist; sourceTree = "<group>"; };
		AFE3E6111D2D130C00DE6638 /* LNAnimationTests.xctest */ = {isa = PBXFileReference; explicitFileType = wrapper.cfbundle; includeInIndex = 0; path = LNAnimationTests.xctest; sourceTree = BUILT_PRODUCTS_DIR; };
		AFE3E6151D2D130C00DE6638 /* LNAnimationTests.swift */ = {isa = PBXFileReference; lastKnownFileType = sourcecode.swift; path = LNAnimationTests.swift; sourceTree = "<group>"; };
		AFE3E6171D2D130C00DE6638 /* Info.plist */ = {isa = PBXFileReference; lastKnownFileType = text.plist.xml; path = Info.plist; sourceTree = "<group>"; };
		AFE3E61C1D2D130C00DE6638 /* LNAnimationUITests.xctest */ = {isa = PBXFileReference; explicitFileType = wrapper.cfbundle; includeInIndex = 0; path = LNAnimationUITests.xctest; sourceTree = BUILT_PRODUCTS_DIR; };
		AFE3E6201D2D130C00DE6638 /* LNAnimationUITests.swift */ = {isa = PBXFileReference; lastKnownFileType = sourcecode.swift; path = LNAnimationUITests.swift; sourceTree = "<group>"; };
		AFE3E6221D2D130C00DE6638 /* Info.plist */ = {isa = PBXFileReference; lastKnownFileType = text.plist.xml; path = Info.plist; sourceTree = "<group>"; };
		AFE3E62E1D2D159D00DE6638 /* TableViewController.swift */ = {isa = PBXFileReference; fileEncoding = 4; lastKnownFileType = sourcecode.swift; path = TableViewController.swift; sourceTree = "<group>"; };
/* End PBXFileReference section */

/* Begin PBXFrameworksBuildPhase section */
		AFE3E5FA1D2D130C00DE6638 /* Frameworks */ = {
			isa = PBXFrameworksBuildPhase;
			buildActionMask = 2147483647;
			files = (
			);
			runOnlyForDeploymentPostprocessing = 0;
		};
		AFE3E60E1D2D130C00DE6638 /* Frameworks */ = {
			isa = PBXFrameworksBuildPhase;
			buildActionMask = 2147483647;
			files = (
			);
			runOnlyForDeploymentPostprocessing = 0;
		};
		AFE3E6191D2D130C00DE6638 /* Frameworks */ = {
			isa = PBXFrameworksBuildPhase;
			buildActionMask = 2147483647;
			files = (
			);
			runOnlyForDeploymentPostprocessing = 0;
		};
/* End PBXFrameworksBuildPhase section */

/* Begin PBXGroup section */
		AFE3E5F41D2D130C00DE6638 = {
			isa = PBXGroup;
			children = (
				AFE3E5FF1D2D130C00DE6638 /* LNAnimation */,
				AFE3E6141D2D130C00DE6638 /* LNAnimationTests */,
				AFE3E61F1D2D130C00DE6638 /* LNAnimationUITests */,
				AFE3E5FE1D2D130C00DE6638 /* Products */,
			);
			sourceTree = "<group>";
		};
		AFE3E5FE1D2D130C00DE6638 /* Products */ = {
			isa = PBXGroup;
			children = (
				AFE3E5FD1D2D130C00DE6638 /* LNAnimation.app */,
				AFE3E6111D2D130C00DE6638 /* LNAnimationTests.xctest */,
				AFE3E61C1D2D130C00DE6638 /* LNAnimationUITests.xctest */,
			);
			name = Products;
			sourceTree = "<group>";
		};
		AFE3E5FF1D2D130C00DE6638 /* LNAnimation */ = {
			isa = PBXGroup;
			children = (
				AFE3E6001D2D130C00DE6638 /* AppDelegate.swift */,
				AFE3E6021D2D130C00DE6638 /* ViewController.swift */,
				AFE3E62E1D2D159D00DE6638 /* TableViewController.swift */,
				AFE3E6041D2D130C00DE6638 /* Main.storyboard */,
				AFE3E6071D2D130C00DE6638 /* Assets.xcassets */,
				AFE3E6091D2D130C00DE6638 /* LaunchScreen.storyboard */,
				AFE3E60C1D2D130C00DE6638 /* Info.plist */,
			);
			path = LNAnimation;
			sourceTree = "<group>";
		};
		AFE3E6141D2D130C00DE6638 /* LNAnimationTests */ = {
			isa = PBXGroup;
			children = (
				AFE3E6151D2D130C00DE6638 /* LNAnimationTests.swift */,
				AFE3E6171D2D130C00DE6638 /* Info.plist */,
			);
			path = LNAnimationTests;
			sourceTree = "<group>";
		};
		AFE3E61F1D2D130C00DE6638 /* LNAnimationUITests */ = {
			isa = PBXGroup;
			children = (
				AFE3E6201D2D130C00DE6638 /* LNAnimationUITests.swift */,
				AFE3E6221D2D130C00DE6638 /* Info.plist */,
			);
			path = LNAnimationUITests;
			sourceTree = "<group>";
		};
/* End PBXGroup section */

/* Begin PBXNativeTarget section */
		AFE3E5FC1D2D130C00DE6638 /* LNAnimation */ = {
			isa = PBXNativeTarget;
			buildConfigurationList = AFE3E6251D2D130C00DE6638 /* Build configuration list for PBXNativeTarget "LNAnimation" */;
			buildPhases = (
				AFE3E5F91D2D130C00DE6638 /* Sources */,
				AFE3E5FA1D2D130C00DE6638 /* Frameworks */,
				AFE3E5FB1D2D130C00DE6638 /* Resources */,
			);
			buildRules = (
			);
			dependencies = (
			);
			name = LNAnimation;
			productName = LNAnimation;
			productReference = AFE3E5FD1D2D130C00DE6638 /* LNAnimation.app */;
			productType = "com.apple.product-type.application";
		};
		AFE3E6101D2D130C00DE6638 /* LNAnimationTests */ = {
			isa = PBXNativeTarget;
			buildConfigurationList = AFE3E6281D2D130C00DE6638 /* Build configuration list for PBXNativeTarget "LNAnimationTests" */;
			buildPhases = (
				AFE3E60D1D2D130C00DE6638 /* Sources */,
				AFE3E60E1D2D130C00DE6638 /* Frameworks */,
				AFE3E60F1D2D130C00DE6638 /* Resources */,
			);
			buildRules = (
			);
			dependencies = (
				AFE3E6131D2D130C00DE6638 /* PBXTargetDependency */,
			);
			name = LNAnimationTests;
			productName = LNAnimationTests;
			productReference = AFE3E6111D2D130C00DE6638 /* LNAnimationTests.xctest */;
			productType = "com.apple.product-type.bundle.unit-test";
		};
		AFE3E61B1D2D130C00DE6638 /* LNAnimationUITests */ = {
			isa = PBXNativeTarget;
			buildConfigurationList = AFE3E62B1D2D130C00DE6638 /* Build configuration list for PBXNativeTarget "LNAnimationUITests" */;
			buildPhases = (
				AFE3E6181D2D130C00DE6638 /* Sources */,
				AFE3E6191D2D130C00DE6638 /* Frameworks */,
				AFE3E61A1D2D130C00DE6638 /* Resources */,
			);
			buildRules = (
			);
			dependencies = (
				AFE3E61E1D2D130C00DE6638 /* PBXTargetDependency */,
			);
			name = LNAnimationUITests;
			productName = LNAnimationUITests;
			productReference = AFE3E61C1D2D130C00DE6638 /* LNAnimationUITests.xctest */;
			productType = "com.apple.product-type.bundle.ui-testing";
		};
/* End PBXNativeTarget section */

/* Begin PBXProject section */
		AFE3E5F51D2D130C00DE6638 /* Project object */ = {
			isa = PBXProject;
			attributes = {
				LastSwiftUpdateCheck = 0730;
				LastUpgradeCheck = 0730;
				ORGANIZATIONNAME = vvusu;
				TargetAttributes = {
					AFE3E5FC1D2D130C00DE6638 = {
						CreatedOnToolsVersion = 7.3.1;
					};
					AFE3E6101D2D130C00DE6638 = {
						CreatedOnToolsVersion = 7.3.1;
						TestTargetID = AFE3E5FC1D2D130C00DE6638;
					};
					AFE3E61B1D2D130C00DE6638 = {
						CreatedOnToolsVersion = 7.3.1;
						TestTargetID = AFE3E5FC1D2D130C00DE6638;
					};
				};
			};
			buildConfigurationList = AFE3E5F81D2D130C00DE6638 /* Build configuration list for PBXProject "LNAnimation" */;
			compatibilityVersion = "Xcode 3.2";
			developmentRegion = English;
			hasScannedForEncodings = 0;
			knownRegions = (
				en,
				Base,
			);
			mainGroup = AFE3E5F41D2D130C00DE6638;
			productRefGroup = AFE3E5FE1D2D130C00DE6638 /* Products */;
			projectDirPath = "";
			projectRoot = "";
			targets = (
				AFE3E5FC1D2D130C00DE6638 /* LNAnimation */,
				AFE3E6101D2D130C00DE6638 /* LNAnimationTests */,
				AFE3E61B1D2D130C00DE6638 /* LNAnimationUITests */,
			);
		};
/* End PBXProject section */

/* Begin PBXResourcesBuildPhase section */
		AFE3E5FB1D2D130C00DE6638 /* Resources */ = {
			isa = PBXResourcesBuildPhase;
			buildActionMask = 2147483647;
			files = (
				AFE3E60B1D2D130C00DE6638 /* LaunchScreen.storyboard in Resources */,
				AFE3E6081D2D130C00DE6638 /* Assets.xcassets in Resources */,
				AFE3E6061D2D130C00DE6638 /* Main.storyboard in Resources */,
			);
			runOnlyForDeploymentPostprocessing = 0;
		};
		AFE3E60F1D2D130C00DE6638 /* Resources */ = {
			isa = PBXResourcesBuildPhase;
			buildActionMask = 2147483647;
			files = (
			);
			runOnlyForDeploymentPostprocessing = 0;
		};
		AFE3E61A1D2D130C00DE6638 /* Resources */ = {
			isa = PBXResourcesBuildPhase;
			buildActionMask = 2147483647;
			files = (
			);
			runOnlyForDeploymentPostprocessing = 0;
		};
/* End PBXResourcesBuildPhase section */

/* Begin PBXSourcesBuildPhase section */
		AFE3E5F91D2D130C00DE6638 /* Sources */ = {
			isa = PBXSourcesBuildPhase;
			buildActionMask = 2147483647;
			files = (
				AFE3E6031D2D130C00DE6638 /* ViewController.swift in Sources */,
				AFE3E62F1D2D159D00DE6638 /* TableViewController.swift in Sources */,
				AFE3E6011D2D130C00DE6638 /* AppDelegate.swift in Sources */,
			);
			runOnlyForDeploymentPostprocessing = 0;
		};
		AFE3E60D1D2D130C00DE6638 /* Sources */ = {
			isa = PBXSourcesBuildPhase;
			buildActionMask = 2147483647;
			files = (
				AFE3E6161D2D130C00DE6638 /* LNAnimationTests.swift in Sources */,
			);
			runOnlyForDeploymentPostprocessing = 0;
		};
		AFE3E6181D2D130C00DE6638 /* Sources */ = {
			isa = PBXSourcesBuildPhase;
			buildActionMask = 2147483647;
			files = (
				AFE3E6211D2D130C00DE6638 /* LNAnimationUITests.swift in Sources */,
			);
			runOnlyForDeploymentPostprocessing = 0;
		};
/* End PBXSourcesBuildPhase section */

/* Begin PBXTargetDependency section */
		AFE3E6131D2D130C00DE6638 /* PBXTargetDependency */ = {
			isa = PBXTargetDependency;
			target = AFE3E5FC1D2D130C00DE6638 /* LNAnimation */;
			targetProxy = AFE3E6121D2D130C00DE6638 /* PBXContainerItemProxy */;
		};
		AFE3E61E1D2D130C00DE6638 /* PBXTargetDependency */ = {
			isa = PBXTargetDependency;
			target = AFE3E5FC1D2D130C00DE6638 /* LNAnimation */;
			targetProxy = AFE3E61D1D2D130C00DE6638 /* PBXContainerItemProxy */;
		};
/* End PBXTargetDependency section */

/* Begin PBXVariantGroup section */
		AFE3E6041D2D130C00DE6638 /* Main.storyboard */ = {
			isa = PBXVariantGroup;
			children = (
				AFE3E6051D2D130C00DE6638 /* Base */,
			);
			name = Main.storyboard;
			sourceTree = "<group>";
		};
		AFE3E6091D2D130C00DE6638 /* LaunchScreen.storyboard */ = {
			isa = PBXVariantGroup;
			children = (
				AFE3E60A1D2D130C00DE6638 /* Base */,
			);
			name = LaunchScreen.storyboard;
			sourceTree = "<group>";
		};
/* End PBXVariantGroup section */

/* Begin XCBuildConfiguration section */
		AFE3E6231D2D130C00DE6638 /* Debug */ = {
			isa = XCBuildConfiguration;
			buildSettings = {
				ALWAYS_SEARCH_USER_PATHS = NO;
				CLANG_ANALYZER_NONNULL = YES;
				CLANG_CXX_LANGUAGE_STANDARD = "gnu++0x";
				CLANG_CXX_LIBRARY = "libc++";
				CLANG_ENABLE_MODULES = YES;
				CLANG_ENABLE_OBJC_ARC = YES;
				CLANG_WARN_BOOL_CONVERSION = YES;
				CLANG_WARN_CONSTANT_CONVERSION = YES;
				CLANG_WARN_DIRECT_OBJC_ISA_USAGE = YES_ERROR;
				CLANG_WARN_EMPTY_BODY = YES;
				CLANG_WARN_ENUM_CONVERSION = YES;
				CLANG_WARN_INT_CONVERSION = YES;
				CLANG_WARN_OBJC_ROOT_CLASS = YES_ERROR;
				CLANG_WARN_UNREACHABLE_CODE = YES;
				CLANG_WARN__DUPLICATE_METHOD_MATCH = YES;
				"CODE_SIGN_IDENTITY[sdk=iphoneos*]" = "iPhone Developer";
				COPY_PHASE_STRIP = NO;
				DEBUG_INFORMATION_FORMAT = dwarf;
				ENABLE_STRICT_OBJC_MSGSEND = YES;
				ENABLE_TESTABILITY = YES;
				GCC_C_LANGUAGE_STANDARD = gnu99;
				GCC_DYNAMIC_NO_PIC = NO;
				GCC_NO_COMMON_BLOCKS = YES;
				GCC_OPTIMIZATION_LEVEL = 0;
				GCC_PREPROCESSOR_DEFINITIONS = (
					"DEBUG=1",
					"$(inherited)",
				);
				GCC_WARN_64_TO_32_BIT_CONVERSION = YES;
				GCC_WARN_ABOUT_RETURN_TYPE = YES_ERROR;
				GCC_WARN_UNDECLARED_SELECTOR = YES;
				GCC_WARN_UNINITIALIZED_AUTOS = YES_AGGRESSIVE;
				GCC_WARN_UNUSED_FUNCTION = YES;
				GCC_WARN_UNUSED_VARIABLE = YES;
				IPHONEOS_DEPLOYMENT_TARGET = 9.3;
				MTL_ENABLE_DEBUG_INFO = YES;
				ONLY_ACTIVE_ARCH = YES;
				SDKROOT = iphoneos;
				SWIFT_OPTIMIZATION_LEVEL = "-Onone";
				TARGETED_DEVICE_FAMILY = "1,2";
			};
			name = Debug;
		};
		AFE3E6241D2D130C00DE6638 /* Release */ = {
			isa = XCBuildConfiguration;
			buildSettings = {
				ALWAYS_SEARCH_USER_PATHS = NO;
				CLANG_ANALYZER_NONNULL = YES;
				CLANG_CXX_LANGUAGE_STANDARD = "gnu++0x";
				CLANG_CXX_LIBRARY = "libc++";
				CLANG_ENABLE_MODULES = YES;
				CLANG_ENABLE_OBJC_ARC = YES;
				CLANG_WARN_BOOL_CONVERSION = YES;
				CLANG_WARN_CONSTANT_CONVERSION = YES;
				CLANG_WARN_DIRECT_OBJC_ISA_USAGE = YES_ERROR;
				CLANG_WARN_EMPTY_BODY = YES;
				CLANG_WARN_ENUM_CONVERSION = YES;
				CLANG_WARN_INT_CONVERSION = YES;
				CLANG_WARN_OBJC_ROOT_CLASS = YES_ERROR;
				CLANG_WARN_UNREACHABLE_CODE = YES;
				CLANG_WARN__DUPLICATE_METHOD_MATCH = YES;
				"CODE_SIGN_IDENTITY[sdk=iphoneos*]" = "iPhone Developer";
				COPY_PHASE_STRIP = NO;
				DEBUG_INFORMATION_FORMAT = "dwarf-with-dsym";
				ENABLE_NS_ASSERTIONS = NO;
				ENABLE_STRICT_OBJC_MSGSEND = YES;
				GCC_C_LANGUAGE_STANDARD = gnu99;
				GCC_NO_COMMON_BLOCKS = YES;
				GCC_WARN_64_TO_32_BIT_CONVERSION = YES;
				GCC_WARN_ABOUT_RETURN_TYPE = YES_ERROR;
				GCC_WARN_UNDECLARED_SELECTOR = YES;
				GCC_WARN_UNINITIALIZED_AUTOS = YES_AGGRESSIVE;
				GCC_WARN_UNUSED_FUNCTION = YES;
				GCC_WARN_UNUSED_VARIABLE = YES;
				IPHONEOS_DEPLOYMENT_TARGET = 9.3;
				MTL_ENABLE_DEBUG_INFO = NO;
				SDKROOT = iphoneos;
				TARGETED_DEVICE_FAMILY = "1,2";
				VALIDATE_PRODUCT = YES;
			};
			name = Release;
		};
		AFE3E6261D2D130C00DE6638 /* Debug */ = {
			isa = XCBuildConfiguration;
			buildSettings = {
				ASSETCATALOG_COMPILER_APPICON_NAME = AppIcon;
				INFOPLIST_FILE = LNAnimation/Info.plist;
				LD_RUNPATH_SEARCH_PATHS = "$(inherited) @executable_path/Frameworks";
				PRODUCT_BUNDLE_IDENTIFIER = vvusu.LNAnimation;
				PRODUCT_NAME = "$(TARGET_NAME)";
			};
			name = Debug;
		};
		AFE3E6271D2D130C00DE6638 /* Release */ = {
			isa = XCBuildConfiguration;
			buildSettings = {
				ASSETCATALOG_COMPILER_APPICON_NAME = AppIcon;
				INFOPLIST_FILE = LNAnimation/Info.plist;
				LD_RUNPATH_SEARCH_PATHS = "$(inherited) @executable_path/Frameworks";
				PRODUCT_BUNDLE_IDENTIFIER = vvusu.LNAnimation;
				PRODUCT_NAME = "$(TARGET_NAME)";
			};
			name = Release;
		};
		AFE3E6291D2D130C00DE6638 /* Debug */ = {
			isa = XCBuildConfiguration;
			buildSettings = {
				BUNDLE_LOADER = "$(TEST_HOST)";
				INFOPLIST_FILE = LNAnimationTests/Info.plist;
				LD_RUNPATH_SEARCH_PATHS = "$(inherited) @executable_path/Frameworks @loader_path/Frameworks";
				PRODUCT_BUNDLE_IDENTIFIER = vvusu.LNAnimationTests;
				PRODUCT_NAME = "$(TARGET_NAME)";
				TEST_HOST = "$(BUILT_PRODUCTS_DIR)/LNAnimation.app/LNAnimation";
			};
			name = Debug;
		};
		AFE3E62A1D2D130C00DE6638 /* Release */ = {
			isa = XCBuildConfiguration;
			buildSettings = {
				BUNDLE_LOADER = "$(TEST_HOST)";
				INFOPLIST_FILE = LNAnimationTests/Info.plist;
				LD_RUNPATH_SEARCH_PATHS = "$(inherited) @executable_path/Frameworks @loader_path/Frameworks";
				PRODUCT_BUNDLE_IDENTIFIER = vvusu.LNAnimationTests;
				PRODUCT_NAME = "$(TARGET_NAME)";
				TEST_HOST = "$(BUILT_PRODUCTS_DIR)/LNAnimation.app/LNAnimation";
			};
			name = Release;
		};
		AFE3E62C1D2D130C00DE6638 /* Debug */ = {
			isa = XCBuildConfiguration;
			buildSettings = {
				INFOPLIST_FILE = LNAnimationUITests/Info.plist;
				LD_RUNPATH_SEARCH_PATHS = "$(inherited) @executable_path/Frameworks @loader_path/Frameworks";
				PRODUCT_BUNDLE_IDENTIFIER = vvusu.LNAnimationUITests;
				PRODUCT_NAME = "$(TARGET_NAME)";
				TEST_TARGET_NAME = LNAnimation;
			};
			name = Debug;
		};
		AFE3E62D1D2D130C00DE6638 /* Release */ = {
			isa = XCBuildConfiguration;
			buildSettings = {
				INFOPLIST_FILE = LNAnimationUITests/Info.plist;
				LD_RUNPATH_SEARCH_PATHS = "$(inherited) @executable_path/Frameworks @loader_path/Frameworks";
				PRODUCT_BUNDLE_IDENTIFIER = vvusu.LNAnimationUITests;
				PRODUCT_NAME = "$(TARGET_NAME)";
				TEST_TARGET_NAME = LNAnimation;
			};
			name = Release;
		};
/* End XCBuildConfiguration section */

/* Begin XCConfigurationList section */
		AFE3E5F81D2D130C00DE6638 /* Build configuration list for PBXProject "LNAnimation" */ = {
			isa = XCConfigurationList;
			buildConfigurations = (
				AFE3E6231D2D130C00DE6638 /* Debug */,
				AFE3E6241D2D130C00DE6638 /* Release */,
			);
			defaultConfigurationIsVisible = 0;
			defaultConfigurationName = Release;
		};
		AFE3E6251D2D130C00DE6638 /* Build configuration list for PBXNativeTarget "LNAnimation" */ = {
			isa = XCConfigurationList;
			buildConfigurations = (
				AFE3E6261D2D130C00DE6638 /* Debug */,
				AFE3E6271D2D130C00DE6638 /* Release */,
			);
			defaultConfigurationIsVisible = 0;
			defaultConfigurationName = Release;
		};
		AFE3E6281D2D130C00DE6638 /* Build configuration list for PBXNativeTarget "LNAnimationTests" */ = {
			isa = XCConfigurationList;
			buildConfigurations = (
				AFE3E6291D2D130C00DE6638 /* Debug */,
				AFE3E62A1D2D130C00DE6638 /* Release */,
			);
			defaultConfigurationIsVisible = 0;
			defaultConfigurationName = Release;
		};
		AFE3E62B1D2D130C00DE6638 /* Build configuration list for PBXNativeTarget "LNAnimationUITests" */ = {
			isa = XCConfigurationList;
			buildConfigurations = (
				AFE3E62C1D2D130C00DE6638 /* Debug */,
				AFE3E62D1D2D130C00DE6638 /* Release */,
			);
			defaultConfigurationIsVisible = 0;
			defaultConfigurationName = Release;
		};
/* End XCConfigurationList section */
	};
	rootObject = AFE3E5F51D2D130C00DE6638 /* Project object */;
}
